
Microsoft Visual Studio Solution File, Format Version 12.00
# Visual Studio Version 17
VisualStudioVersion = 17.1.32421.90
MinimumVisualStudioVersion = 10.0.40219.1
Project("{FAE04EC0-301F-11D3-BF4B-00C04F79EFBC}") = "HomeWork1", "HomeWork1\HomeWork1.csproj", "{35C96BBE-FF33-4F7B-B63F-F2FE1A9C2FDE}"
EndProject
Global
	GlobalSection(SolutionConfigurationPlatforms) = preSolution
		Debug|Any CPU = Debug|Any CPU
		Release|Any CPU = Release|Any CPU
	EndGlobalSection
	GlobalSection(ProjectConfigurationPlatforms) = postSolution
		{35C96BBE-FF33-4F7B-B63F-F2FE1A9C2FDE}.Debug|Any CPU.ActiveCfg = Debug|Any CPU
		{35C96BBE-FF33-4F7B-B63F-F2FE1A9C2FDE}.Debug|Any CPU.Build.0 = Debug|Any CPU
		{35C96BBE-FF33-4F7B-B63F-F2FE1A9C2FDE}.Release|Any CPU.ActiveCfg = Release|Any CPU
		{35C96BBE-FF33-4F7B-B63F-F2FE1A9C2FDE}.Release|Any CPU.Build.0 = Release|Any CPU
	EndGlobalSection
	GlobalSection(SolutionProperties) = preSolution
		HideSolutionNode = FALSE
	EndGlobalSection
	GlobalSection(ExtensibilityGlobals) = postSolution
		SolutionGuid = {C4172D84-99FD-49D3-BEE5-09E095CB3AE6}
	EndGlobalSection
EndGlobal
